// !$*UTF8*$!
{
	archiveVersion = 1;
	classes = {
	};
	objectVersion = 50;
	objects = {

/* Begin PBXBuildFile section */
		0C7B560B235694FC0071EDA6 /* AppDelegate.swift in Sources */ = {isa = PBXBuildFile; fileRef = 0C7B560A235694FC0071EDA6 /* AppDelegate.swift */; };
		0C7B560D235694FC0071EDA6 /* SceneDelegate.swift in Sources */ = {isa = PBXBuildFile; fileRef = 0C7B560C235694FC0071EDA6 /* SceneDelegate.swift */; };
		0C7B560F235694FC0071EDA6 /* ContentView.swift in Sources */ = {isa = PBXBuildFile; fileRef = 0C7B560E235694FC0071EDA6 /* ContentView.swift */; };
		0C7B5611235694FD0071EDA6 /* Assets.xcassets in Resources */ = {isa = PBXBuildFile; fileRef = 0C7B5610235694FD0071EDA6 /* Assets.xcassets */; };
		0C7B5614235694FD0071EDA6 /* Preview Assets.xcassets in Resources */ = {isa = PBXBuildFile; fileRef = 0C7B5613235694FD0071EDA6 /* Preview Assets.xcassets */; };
		0C7B5617235694FD0071EDA6 /* LaunchScreen.storyboard in Resources */ = {isa = PBXBuildFile; fileRef = 0C7B5615235694FD0071EDA6 /* LaunchScreen.storyboard */; };
		0C7B5622235694FD0071EDA6 /* AttentionTests.swift in Sources */ = {isa = PBXBuildFile; fileRef = 0C7B5621235694FD0071EDA6 /* AttentionTests.swift */; };
		0C7B562D235694FD0071EDA6 /* AttentionUITests.swift in Sources */ = {isa = PBXBuildFile; fileRef = 0C7B562C235694FD0071EDA6 /* AttentionUITests.swift */; };
		27A36AF86E8037D67C5521ED /* Pods_Attention.framework in Frameworks */ = {isa = PBXBuildFile; fileRef = A6721D2C632D1AA65AF91ED8 /* Pods_Attention.framework */; };
		579A95F8D967DB42E8D60667 /* Pods_AttentionTests.framework in Frameworks */ = {isa = PBXBuildFile; fileRef = 571D7204F68C14E3B305C7C4 /* Pods_AttentionTests.framework */; };
		B7EA229186CF3B7366703B19 /* Pods_Attention_AttentionUITests.framework in Frameworks */ = {isa = PBXBuildFile; fileRef = 6CB09BB88DDC66F36AE784F7 /* Pods_Attention_AttentionUITests.framework */; };
/* End PBXBuildFile section */

/* Begin PBXContainerItemProxy section */
		0C7B561E235694FD0071EDA6 /* PBXContainerItemProxy */ = {
			isa = PBXContainerItemProxy;
			containerPortal = 0C7B55FF235694FC0071EDA6 /* Project object */;
			proxyType = 1;
			remoteGlobalIDString = 0C7B5606235694FC0071EDA6;
			remoteInfo = Attention;
		};
		0C7B5629235694FD0071EDA6 /* PBXContainerItemProxy */ = {
			isa = PBXContainerItemProxy;
			containerPortal = 0C7B55FF235694FC0071EDA6 /* Project object */;
			proxyType = 1;
			remoteGlobalIDString = 0C7B5606235694FC0071EDA6;
			remoteInfo = Attention;
		};
/* End PBXContainerItemProxy section */

/* Begin PBXFileReference section */
		0C7B5607235694FC0071EDA6 /* Attention.app */ = {isa = PBXFileReference; explicitFileType = wrapper.application; includeInIndex = 0; path = Attention.app; sourceTree = BUILT_PRODUCTS_DIR; };
		0C7B560A235694FC0071EDA6 /* AppDelegate.swift */ = {isa = PBXFileReference; lastKnownFileType = sourcecode.swift; path = AppDelegate.swift; sourceTree = "<group>"; };
		0C7B560C235694FC0071EDA6 /* SceneDelegate.swift */ = {isa = PBXFileReference; lastKnownFileType = sourcecode.swift; path = SceneDelegate.swift; sourceTree = "<group>"; };
		0C7B560E235694FC0071EDA6 /* ContentView.swift */ = {isa = PBXFileReference; lastKnownFileType = sourcecode.swift; path = ContentView.swift; sourceTree = "<group>"; };
		0C7B5610235694FD0071EDA6 /* Assets.xcassets */ = {isa = PBXFileReference; lastKnownFileType = folder.assetcatalog; path = Assets.xcassets; sourceTree = "<group>"; };
		0C7B5613235694FD0071EDA6 /* Preview Assets.xcassets */ = {isa = PBXFileReference; lastKnownFileType = folder.assetcatalog; path = "Preview Assets.xcassets"; sourceTree = "<group>"; };
		0C7B5616235694FD0071EDA6 /* Base */ = {isa = PBXFileReference; lastKnownFileType = file.storyboard; name = Base; path = Base.lproj/LaunchScreen.storyboard; sourceTree = "<group>"; };
		0C7B5618235694FD0071EDA6 /* Info.plist */ = {isa = PBXFileReference; lastKnownFileType = text.plist.xml; path = Info.plist; sourceTree = "<group>"; };
		0C7B561D235694FD0071EDA6 /* AttentionTests.xctest */ = {isa = PBXFileReference; explicitFileType = wrapper.cfbundle; includeInIndex = 0; path = AttentionTests.xctest; sourceTree = BUILT_PRODUCTS_DIR; };
		0C7B5621235694FD0071EDA6 /* AttentionTests.swift */ = {isa = PBXFileReference; lastKnownFileType = sourcecode.swift; path = AttentionTests.swift; sourceTree = "<group>"; };
		0C7B5623235694FD0071EDA6 /* Info.plist */ = {isa = PBXFileReference; lastKnownFileType = text.plist.xml; path = Info.plist; sourceTree = "<group>"; };
		0C7B5628235694FD0071EDA6 /* AttentionUITests.xctest */ = {isa = PBXFileReference; explicitFileType = wrapper.cfbundle; includeInIndex = 0; path = AttentionUITests.xctest; sourceTree = BUILT_PRODUCTS_DIR; };
		0C7B562C235694FD0071EDA6 /* AttentionUITests.swift */ = {isa = PBXFileReference; lastKnownFileType = sourcecode.swift; path = AttentionUITests.swift; sourceTree = "<group>"; };
		0C7B562E235694FD0071EDA6 /* Info.plist */ = {isa = PBXFileReference; lastKnownFileType = text.plist.xml; path = Info.plist; sourceTree = "<group>"; };
		0C7B563A235696940071EDA6 /* AttentionRelease.entitlements */ = {isa = PBXFileReference; lastKnownFileType = text.plist.entitlements; path = AttentionRelease.entitlements; sourceTree = "<group>"; };
		416BF3F1182D4271A1532FA5 /* Pods-Attention-AttentionUITests.release.xcconfig */ = {isa = PBXFileReference; includeInIndex = 1; lastKnownFileType = text.xcconfig; name = "Pods-Attention-AttentionUITests.release.xcconfig"; path = "Target Support Files/Pods-Attention-AttentionUITests/Pods-Attention-AttentionUITests.release.xcconfig"; sourceTree = "<group>"; };
		571D7204F68C14E3B305C7C4 /* Pods_AttentionTests.framework */ = {isa = PBXFileReference; explicitFileType = wrapper.framework; includeInIndex = 0; path = Pods_AttentionTests.framework; sourceTree = BUILT_PRODUCTS_DIR; };
		5DE2BBD529EC96C3A63C3010 /* Pods-Attention.release.xcconfig */ = {isa = PBXFileReference; includeInIndex = 1; lastKnownFileType = text.xcconfig; name = "Pods-Attention.release.xcconfig"; path = "Target Support Files/Pods-Attention/Pods-Attention.release.xcconfig"; sourceTree = "<group>"; };
		675114C786E954BFB0EF33CB /* Pods-Attention-AttentionUITests.debug.xcconfig */ = {isa = PBXFileReference; includeInIndex = 1; lastKnownFileType = text.xcconfig; name = "Pods-Attention-AttentionUITests.debug.xcconfig"; path = "Target Support Files/Pods-Attention-AttentionUITests/Pods-Attention-AttentionUITests.debug.xcconfig"; sourceTree = "<group>"; };
		6784FB13F8DC631F05CD85C6 /* Pods-AttentionTests.release.xcconfig */ = {isa = PBXFileReference; includeInIndex = 1; lastKnownFileType = text.xcconfig; name = "Pods-AttentionTests.release.xcconfig"; path = "Target Support Files/Pods-AttentionTests/Pods-AttentionTests.release.xcconfig"; sourceTree = "<group>"; };
		6CB09BB88DDC66F36AE784F7 /* Pods_Attention_AttentionUITests.framework */ = {isa = PBXFileReference; explicitFileType = wrapper.framework; includeInIndex = 0; path = Pods_Attention_AttentionUITests.framework; sourceTree = BUILT_PRODUCTS_DIR; };
		8851670DF02D2BF7AC55CEF2 /* Pods-AttentionTests.debug.xcconfig */ = {isa = PBXFileReference; includeInIndex = 1; lastKnownFileType = text.xcconfig; name = "Pods-AttentionTests.debug.xcconfig"; path = "Target Support Files/Pods-AttentionTests/Pods-AttentionTests.debug.xcconfig"; sourceTree = "<group>"; };
		99623AE5C21078CEF7BD30E8 /* Pods-Attention.debug.xcconfig */ = {isa = PBXFileReference; includeInIndex = 1; lastKnownFileType = text.xcconfig; name = "Pods-Attention.debug.xcconfig"; path = "Target Support Files/Pods-Attention/Pods-Attention.debug.xcconfig"; sourceTree = "<group>"; };
		A6721D2C632D1AA65AF91ED8 /* Pods_Attention.framework */ = {isa = PBXFileReference; explicitFileType = wrapper.framework; includeInIndex = 0; path = Pods_Attention.framework; sourceTree = BUILT_PRODUCTS_DIR; };
/* End PBXFileReference section */

/* Begin PBXFrameworksBuildPhase section */
		0C7B5604235694FC0071EDA6 /* Frameworks */ = {
			isa = PBXFrameworksBuildPhase;
			buildActionMask = 2147483647;
			files = (
				27A36AF86E8037D67C5521ED /* Pods_Attention.framework in Frameworks */,
			);
			runOnlyForDeploymentPostprocessing = 0;
		};
		0C7B561A235694FD0071EDA6 /* Frameworks */ = {
			isa = PBXFrameworksBuildPhase;
			buildActionMask = 2147483647;
			files = (
				579A95F8D967DB42E8D60667 /* Pods_AttentionTests.framework in Frameworks */,
			);
			runOnlyForDeploymentPostprocessing = 0;
		};
		0C7B5625235694FD0071EDA6 /* Frameworks */ = {
			isa = PBXFrameworksBuildPhase;
			buildActionMask = 2147483647;
			files = (
				B7EA229186CF3B7366703B19 /* Pods_Attention_AttentionUITests.framework in Frameworks */,
			);
			runOnlyForDeploymentPostprocessing = 0;
		};
/* End PBXFrameworksBuildPhase section */

/* Begin PBXGroup section */
		0C7B55FE235694FC0071EDA6 = {
			isa = PBXGroup;
			children = (
				0C7B5609235694FC0071EDA6 /* Attention */,
				0C7B5620235694FD0071EDA6 /* AttentionTests */,
				0C7B562B235694FD0071EDA6 /* AttentionUITests */,
				0C7B5608235694FC0071EDA6 /* Products */,
				8918787BD75EEDFD171E294D /* Pods */,
				3FD837D0BAC5AECCF571894C /* Frameworks */,
			);
			sourceTree = "<group>";
		};
		0C7B5608235694FC0071EDA6 /* Products */ = {
			isa = PBXGroup;
			children = (
				0C7B5607235694FC0071EDA6 /* Attention.app */,
				0C7B561D235694FD0071EDA6 /* AttentionTests.xctest */,
				0C7B5628235694FD0071EDA6 /* AttentionUITests.xctest */,
			);
			name = Products;
			sourceTree = "<group>";
		};
		0C7B5609235694FC0071EDA6 /* Attention */ = {
			isa = PBXGroup;
			children = (
				0C7B563A235696940071EDA6 /* AttentionRelease.entitlements */,
				0C7B560A235694FC0071EDA6 /* AppDelegate.swift */,
				0C7B560C235694FC0071EDA6 /* SceneDelegate.swift */,
				0C7B560E235694FC0071EDA6 /* ContentView.swift */,
				0C7B5610235694FD0071EDA6 /* Assets.xcassets */,
				0C7B5615235694FD0071EDA6 /* LaunchScreen.storyboard */,
				0C7B5618235694FD0071EDA6 /* Info.plist */,
				0C7B5612235694FD0071EDA6 /* Preview Content */,
			);
			path = Attention;
			sourceTree = "<group>";
		};
		0C7B5612235694FD0071EDA6 /* Preview Content */ = {
			isa = PBXGroup;
			children = (
				0C7B5613235694FD0071EDA6 /* Preview Assets.xcassets */,
			);
			path = "Preview Content";
			sourceTree = "<group>";
		};
		0C7B5620235694FD0071EDA6 /* AttentionTests */ = {
			isa = PBXGroup;
			children = (
				0C7B5621235694FD0071EDA6 /* AttentionTests.swift */,
				0C7B5623235694FD0071EDA6 /* Info.plist */,
			);
			path = AttentionTests;
			sourceTree = "<group>";
		};
		0C7B562B235694FD0071EDA6 /* AttentionUITests */ = {
			isa = PBXGroup;
			children = (
				0C7B562C235694FD0071EDA6 /* AttentionUITests.swift */,
				0C7B562E235694FD0071EDA6 /* Info.plist */,
			);
			path = AttentionUITests;
			sourceTree = "<group>";
		};
		3FD837D0BAC5AECCF571894C /* Frameworks */ = {
			isa = PBXGroup;
			children = (
				A6721D2C632D1AA65AF91ED8 /* Pods_Attention.framework */,
				6CB09BB88DDC66F36AE784F7 /* Pods_Attention_AttentionUITests.framework */,
				571D7204F68C14E3B305C7C4 /* Pods_AttentionTests.framework */,
			);
			name = Frameworks;
			sourceTree = "<group>";
		};
		8918787BD75EEDFD171E294D /* Pods */ = {
			isa = PBXGroup;
			children = (
				99623AE5C21078CEF7BD30E8 /* Pods-Attention.debug.xcconfig */,
				5DE2BBD529EC96C3A63C3010 /* Pods-Attention.release.xcconfig */,
				675114C786E954BFB0EF33CB /* Pods-Attention-AttentionUITests.debug.xcconfig */,
				416BF3F1182D4271A1532FA5 /* Pods-Attention-AttentionUITests.release.xcconfig */,
				8851670DF02D2BF7AC55CEF2 /* Pods-AttentionTests.debug.xcconfig */,
				6784FB13F8DC631F05CD85C6 /* Pods-AttentionTests.release.xcconfig */,
			);
			path = Pods;
			sourceTree = "<group>";
		};
/* End PBXGroup section */

/* Begin PBXNativeTarget section */
		0C7B5606235694FC0071EDA6 /* Attention */ = {
			isa = PBXNativeTarget;
			buildConfigurationList = 0C7B5631235694FD0071EDA6 /* Build configuration list for PBXNativeTarget "Attention" */;
			buildPhases = (
				59EC74DB808FF5A1D2923573 /* [CP] Check Pods Manifest.lock */,
				0C7B5603235694FC0071EDA6 /* Sources */,
				0C7B5604235694FC0071EDA6 /* Frameworks */,
				0C7B5605235694FC0071EDA6 /* Resources */,
			);
			buildRules = (
			);
			dependencies = (
			);
			name = Attention;
			productName = Attention;
			productReference = 0C7B5607235694FC0071EDA6 /* Attention.app */;
			productType = "com.apple.product-type.application";
		};
		0C7B561C235694FD0071EDA6 /* AttentionTests */ = {
			isa = PBXNativeTarget;
			buildConfigurationList = 0C7B5634235694FD0071EDA6 /* Build configuration list for PBXNativeTarget "AttentionTests" */;
			buildPhases = (
				0C5A54D182BFF71CA3B243EB /* [CP] Check Pods Manifest.lock */,
				0C7B5619235694FD0071EDA6 /* Sources */,
				0C7B561A235694FD0071EDA6 /* Frameworks */,
				0C7B561B235694FD0071EDA6 /* Resources */,
			);
			buildRules = (
			);
			dependencies = (
				0C7B561F235694FD0071EDA6 /* PBXTargetDependency */,
			);
			name = AttentionTests;
			productName = AttentionTests;
			productReference = 0C7B561D235694FD0071EDA6 /* AttentionTests.xctest */;
			productType = "com.apple.product-type.bundle.unit-test";
		};
		0C7B5627235694FD0071EDA6 /* AttentionUITests */ = {
			isa = PBXNativeTarget;
			buildConfigurationList = 0C7B5637235694FD0071EDA6 /* Build configuration list for PBXNativeTarget "AttentionUITests" */;
			buildPhases = (
				67D7A49C310ED17AA0EB6EC1 /* [CP] Check Pods Manifest.lock */,
				0C7B5624235694FD0071EDA6 /* Sources */,
				0C7B5625235694FD0071EDA6 /* Frameworks */,
				0C7B5626235694FD0071EDA6 /* Resources */,
			);
			buildRules = (
			);
			dependencies = (
				0C7B562A235694FD0071EDA6 /* PBXTargetDependency */,
			);
			name = AttentionUITests;
			productName = AttentionUITests;
			productReference = 0C7B5628235694FD0071EDA6 /* AttentionUITests.xctest */;
			productType = "com.apple.product-type.bundle.ui-testing";
		};
/* End PBXNativeTarget section */

/* Begin PBXProject section */
		0C7B55FF235694FC0071EDA6 /* Project object */ = {
			isa = PBXProject;
			attributes = {
				LastSwiftUpdateCheck = 1100;
				LastUpgradeCheck = 1100;
				ORGANIZATIONNAME = "LJ Software Solutions";
				TargetAttributes = {
					0C7B5606235694FC0071EDA6 = {
						CreatedOnToolsVersion = 11.0;
					};
					0C7B561C235694FD0071EDA6 = {
						CreatedOnToolsVersion = 11.0;
						TestTargetID = 0C7B5606235694FC0071EDA6;
					};
					0C7B5627235694FD0071EDA6 = {
						CreatedOnToolsVersion = 11.0;
						TestTargetID = 0C7B5606235694FC0071EDA6;
					};
				};
			};
			buildConfigurationList = 0C7B5602235694FC0071EDA6 /* Build configuration list for PBXProject "Attention" */;
			compatibilityVersion = "Xcode 9.3";
			developmentRegion = en;
			hasScannedForEncodings = 0;
			knownRegions = (
				en,
				Base,
			);
			mainGroup = 0C7B55FE235694FC0071EDA6;
			productRefGroup = 0C7B5608235694FC0071EDA6 /* Products */;
			projectDirPath = "";
			projectRoot = "";
			targets = (
				0C7B5606235694FC0071EDA6 /* Attention */,
				0C7B561C235694FD0071EDA6 /* AttentionTests */,
				0C7B5627235694FD0071EDA6 /* AttentionUITests */,
			);
		};
/* End PBXProject section */

/* Begin PBXResourcesBuildPhase section */
		0C7B5605235694FC0071EDA6 /* Resources */ = {
			isa = PBXResourcesBuildPhase;
			buildActionMask = 2147483647;
			files = (
				0C7B5617235694FD0071EDA6 /* LaunchScreen.storyboard in Resources */,
				0C7B5614235694FD0071EDA6 /* Preview Assets.xcassets in Resources */,
				0C7B5611235694FD0071EDA6 /* Assets.xcassets in Resources */,
			);
			runOnlyForDeploymentPostprocessing = 0;
		};
		0C7B561B235694FD0071EDA6 /* Resources */ = {
			isa = PBXResourcesBuildPhase;
			buildActionMask = 2147483647;
			files = (
			);
			runOnlyForDeploymentPostprocessing = 0;
		};
		0C7B5626235694FD0071EDA6 /* Resources */ = {
			isa = PBXResourcesBuildPhase;
			buildActionMask = 2147483647;
			files = (
			);
			runOnlyForDeploymentPostprocessing = 0;
		};
/* End PBXResourcesBuildPhase section */

/* Begin PBXShellScriptBuildPhase section */
		0C5A54D182BFF71CA3B243EB /* [CP] Check Pods Manifest.lock */ = {
			isa = PBXShellScriptBuildPhase;
			buildActionMask = 2147483647;
			files = (
			);
			inputFileListPaths = (
			);
			inputPaths = (
				"${PODS_PODFILE_DIR_PATH}/Podfile.lock",
				"${PODS_ROOT}/Manifest.lock",
			);
			name = "[CP] Check Pods Manifest.lock";
			outputFileListPaths = (
			);
			outputPaths = (
				"$(DERIVED_FILE_DIR)/Pods-AttentionTests-checkManifestLockResult.txt",
			);
			runOnlyForDeploymentPostprocessing = 0;
			shellPath = /bin/sh;
			shellScript = "diff \"${PODS_PODFILE_DIR_PATH}/Podfile.lock\" \"${PODS_ROOT}/Manifest.lock\" > /dev/null\nif [ $? != 0 ] ; then\n    # print error to STDERR\n    echo \"error: The sandbox is not in sync with the Podfile.lock. Run 'pod install' or update your CocoaPods installation.\" >&2\n    exit 1\nfi\n# This output is used by Xcode 'outputs' to avoid re-running this script phase.\necho \"SUCCESS\" > \"${SCRIPT_OUTPUT_FILE_0}\"\n";
			showEnvVarsInLog = 0;
		};
		59EC74DB808FF5A1D2923573 /* [CP] Check Pods Manifest.lock */ = {
			isa = PBXShellScriptBuildPhase;
			buildActionMask = 2147483647;
			files = (
			);
			inputFileListPaths = (
			);
			inputPaths = (
				"${PODS_PODFILE_DIR_PATH}/Podfile.lock",
				"${PODS_ROOT}/Manifest.lock",
			);
			name = "[CP] Check Pods Manifest.lock";
			outputFileListPaths = (
			);
			outputPaths = (
				"$(DERIVED_FILE_DIR)/Pods-Attention-checkManifestLockResult.txt",
			);
			runOnlyForDeploymentPostprocessing = 0;
			shellPath = /bin/sh;
			shellScript = "diff \"${PODS_PODFILE_DIR_PATH}/Podfile.lock\" \"${PODS_ROOT}/Manifest.lock\" > /dev/null\nif [ $? != 0 ] ; then\n    # print error to STDERR\n    echo \"error: The sandbox is not in sync with the Podfile.lock. Run 'pod install' or update your CocoaPods installation.\" >&2\n    exit 1\nfi\n# This output is used by Xcode 'outputs' to avoid re-running this script phase.\necho \"SUCCESS\" > \"${SCRIPT_OUTPUT_FILE_0}\"\n";
			showEnvVarsInLog = 0;
		};
		67D7A49C310ED17AA0EB6EC1 /* [CP] Check Pods Manifest.lock */ = {
			isa = PBXShellScriptBuildPhase;
			buildActionMask = 2147483647;
			files = (
			);
			inputFileListPaths = (
			);
			inputPaths = (
				"${PODS_PODFILE_DIR_PATH}/Podfile.lock",
				"${PODS_ROOT}/Manifest.lock",
			);
			name = "[CP] Check Pods Manifest.lock";
			outputFileListPaths = (
			);
			outputPaths = (
				"$(DERIVED_FILE_DIR)/Pods-Attention-AttentionUITests-checkManifestLockResult.txt",
			);
			runOnlyForDeploymentPostprocessing = 0;
			shellPath = /bin/sh;
			shellScript = "diff \"${PODS_PODFILE_DIR_PATH}/Podfile.lock\" \"${PODS_ROOT}/Manifest.lock\" > /dev/null\nif [ $? != 0 ] ; then\n    # print error to STDERR\n    echo \"error: The sandbox is not in sync with the Podfile.lock. Run 'pod install' or update your CocoaPods installation.\" >&2\n    exit 1\nfi\n# This output is used by Xcode 'outputs' to avoid re-running this script phase.\necho \"SUCCESS\" > \"${SCRIPT_OUTPUT_FILE_0}\"\n";
			showEnvVarsInLog = 0;
		};
/* End PBXShellScriptBuildPhase section */

/* Begin PBXSourcesBuildPhase section */
		0C7B5603235694FC0071EDA6 /* Sources */ = {
			isa = PBXSourcesBuildPhase;
			buildActionMask = 2147483647;
			files = (
				0C7B560B235694FC0071EDA6 /* AppDelegate.swift in Sources */,
				0C7B560D235694FC0071EDA6 /* SceneDelegate.swift in Sources */,
				0C7B560F235694FC0071EDA6 /* ContentView.swift in Sources */,
			);
			runOnlyForDeploymentPostprocessing = 0;
		};
		0C7B5619235694FD0071EDA6 /* Sources */ = {
			isa = PBXSourcesBuildPhase;
			buildActionMask = 2147483647;
			files = (
				0C7B5622235694FD0071EDA6 /* AttentionTests.swift in Sources */,
			);
			runOnlyForDeploymentPostprocessing = 0;
		};
		0C7B5624235694FD0071EDA6 /* Sources */ = {
			isa = PBXSourcesBuildPhase;
			buildActionMask = 2147483647;
			files = (
				0C7B562D235694FD0071EDA6 /* AttentionUITests.swift in Sources */,
			);
			runOnlyForDeploymentPostprocessing = 0;
		};
/* End PBXSourcesBuildPhase section */

/* Begin PBXTargetDependency section */
		0C7B561F235694FD0071EDA6 /* PBXTargetDependency */ = {
			isa = PBXTargetDependency;
			target = 0C7B5606235694FC0071EDA6 /* Attention */;
			targetProxy = 0C7B561E235694FD0071EDA6 /* PBXContainerItemProxy */;
		};
		0C7B562A235694FD0071EDA6 /* PBXTargetDependency */ = {
			isa = PBXTargetDependency;
			target = 0C7B5606235694FC0071EDA6 /* Attention */;
			targetProxy = 0C7B5629235694FD0071EDA6 /* PBXContainerItemProxy */;
		};
/* End PBXTargetDependency section */

/* Begin PBXVariantGroup section */
		0C7B5615235694FD0071EDA6 /* LaunchScreen.storyboard */ = {
			isa = PBXVariantGroup;
			children = (
				0C7B5616235694FD0071EDA6 /* Base */,
			);
			name = LaunchScreen.storyboard;
			sourceTree = "<group>";
		};
/* End PBXVariantGroup section */

/* Begin XCBuildConfiguration section */
		0C7B562F235694FD0071EDA6 /* Debug */ = {
			isa = XCBuildConfiguration;
			buildSettings = {
				ALWAYS_SEARCH_USER_PATHS = NO;
				CLANG_ANALYZER_NONNULL = YES;
				CLANG_ANALYZER_NUMBER_OBJECT_CONVERSION = YES_AGGRESSIVE;
				CLANG_CXX_LANGUAGE_STANDARD = "gnu++14";
				CLANG_CXX_LIBRARY = "libc++";
				CLANG_ENABLE_MODULES = YES;
				CLANG_ENABLE_OBJC_ARC = YES;
				CLANG_ENABLE_OBJC_WEAK = YES;
				CLANG_WARN_BLOCK_CAPTURE_AUTORELEASING = YES;
				CLANG_WARN_BOOL_CONVERSION = YES;
				CLANG_WARN_COMMA = YES;
				CLANG_WARN_CONSTANT_CONVERSION = YES;
				CLANG_WARN_DEPRECATED_OBJC_IMPLEMENTATIONS = YES;
				CLANG_WARN_DIRECT_OBJC_ISA_USAGE = YES_ERROR;
				CLANG_WARN_DOCUMENTATION_COMMENTS = YES;
				CLANG_WARN_EMPTY_BODY = YES;
				CLANG_WARN_ENUM_CONVERSION = YES;
				CLANG_WARN_INFINITE_RECURSION = YES;
				CLANG_WARN_INT_CONVERSION = YES;
				CLANG_WARN_NON_LITERAL_NULL_CONVERSION = YES;
				CLANG_WARN_OBJC_IMPLICIT_RETAIN_SELF = YES;
				CLANG_WARN_OBJC_LITERAL_CONVERSION = YES;
				CLANG_WARN_OBJC_ROOT_CLASS = YES_ERROR;
				CLANG_WARN_RANGE_LOOP_ANALYSIS = YES;
				CLANG_WARN_STRICT_PROTOTYPES = YES;
				CLANG_WARN_SUSPICIOUS_MOVE = YES;
				CLANG_WARN_UNGUARDED_AVAILABILITY = YES_AGGRESSIVE;
				CLANG_WARN_UNREACHABLE_CODE = YES;
				CLANG_WARN__DUPLICATE_METHOD_MATCH = YES;
				COPY_PHASE_STRIP = NO;
				DEBUG_INFORMATION_FORMAT = dwarf;
				ENABLE_STRICT_OBJC_MSGSEND = YES;
				ENABLE_TESTABILITY = YES;
				GCC_C_LANGUAGE_STANDARD = gnu11;
				GCC_DYNAMIC_NO_PIC = NO;
				GCC_NO_COMMON_BLOCKS = YES;
				GCC_OPTIMIZATION_LEVEL = 0;
				GCC_PREPROCESSOR_DEFINITIONS = (
					"DEBUG=1",
					"$(inherited)",
				);
				GCC_WARN_64_TO_32_BIT_CONVERSION = YES;
				GCC_WARN_ABOUT_RETURN_TYPE = YES_ERROR;
				GCC_WARN_UNDECLARED_SELECTOR = YES;
				GCC_WARN_UNINITIALIZED_AUTOS = YES_AGGRESSIVE;
				GCC_WARN_UNUSED_FUNCTION = YES;
				GCC_WARN_UNUSED_VARIABLE = YES;
				IPHONEOS_DEPLOYMENT_TARGET = 13.0;
				MTL_ENABLE_DEBUG_INFO = INCLUDE_SOURCE;
				MTL_FAST_MATH = YES;
				ONLY_ACTIVE_ARCH = YES;
				SDKROOT = iphoneos;
				SWIFT_ACTIVE_COMPILATION_CONDITIONS = DEBUG;
				SWIFT_OPTIMIZATION_LEVEL = "-Onone";
			};
			name = Debug;
		};
		0C7B5630235694FD0071EDA6 /* Release */ = {
			isa = XCBuildConfiguration;
			buildSettings = {
				ALWAYS_SEARCH_USER_PATHS = NO;
				CLANG_ANALYZER_NONNULL = YES;
				CLANG_ANALYZER_NUMBER_OBJECT_CONVERSION = YES_AGGRESSIVE;
				CLANG_CXX_LANGUAGE_STANDARD = "gnu++14";
				CLANG_CXX_LIBRARY = "libc++";
				CLANG_ENABLE_MODULES = YES;
				CLANG_ENABLE_OBJC_ARC = YES;
				CLANG_ENABLE_OBJC_WEAK = YES;
				CLANG_WARN_BLOCK_CAPTURE_AUTORELEASING = YES;
				CLANG_WARN_BOOL_CONVERSION = YES;
				CLANG_WARN_COMMA = YES;
				CLANG_WARN_CONSTANT_CONVERSION = YES;
				CLANG_WARN_DEPRECATED_OBJC_IMPLEMENTATIONS = YES;
				CLANG_WARN_DIRECT_OBJC_ISA_USAGE = YES_ERROR;
				CLANG_WARN_DOCUMENTATION_COMMENTS = YES;
				CLANG_WARN_EMPTY_BODY = YES;
				CLANG_WARN_ENUM_CONVERSION = YES;
				CLANG_WARN_INFINITE_RECURSION = YES;
				CLANG_WARN_INT_CONVERSION = YES;
				CLANG_WARN_NON_LITERAL_NULL_CONVERSION = YES;
				CLANG_WARN_OBJC_IMPLICIT_RETAIN_SELF = YES;
				CLANG_WARN_OBJC_LITERAL_CONVERSION = YES;
				CLANG_WARN_OBJC_ROOT_CLASS = YES_ERROR;
				CLANG_WARN_RANGE_LOOP_ANALYSIS = YES;
				CLANG_WARN_STRICT_PROTOTYPES = YES;
				CLANG_WARN_SUSPICIOUS_MOVE = YES;
				CLANG_WARN_UNGUARDED_AVAILABILITY = YES_AGGRESSIVE;
				CLANG_WARN_UNREACHABLE_CODE = YES;
				CLANG_WARN__DUPLICATE_METHOD_MATCH = YES;
				COPY_PHASE_STRIP = NO;
				DEBUG_INFORMATION_FORMAT = "dwarf-with-dsym";
				ENABLE_NS_ASSERTIONS = NO;
				ENABLE_STRICT_OBJC_MSGSEND = YES;
				GCC_C_LANGUAGE_STANDARD = gnu11;
				GCC_NO_COMMON_BLOCKS = YES;
				GCC_WARN_64_TO_32_BIT_CONVERSION = YES;
				GCC_WARN_ABOUT_RETURN_TYPE = YES_ERROR;
				GCC_WARN_UNDECLARED_SELECTOR = YES;
				GCC_WARN_UNINITIALIZED_AUTOS = YES_AGGRESSIVE;
				GCC_WARN_UNUSED_FUNCTION = YES;
				GCC_WARN_UNUSED_VARIABLE = YES;
				IPHONEOS_DEPLOYMENT_TARGET = 13.0;
				MTL_ENABLE_DEBUG_INFO = NO;
				MTL_FAST_MATH = YES;
				SDKROOT = iphoneos;
				SWIFT_COMPILATION_MODE = wholemodule;
				SWIFT_OPTIMIZATION_LEVEL = "-O";
				VALIDATE_PRODUCT = YES;
			};
			name = Release;
		};
		0C7B5632235694FD0071EDA6 /* Debug */ = {
			isa = XCBuildConfiguration;
			baseConfigurationReference = 99623AE5C21078CEF7BD30E8 /* Pods-Attention.debug.xcconfig */;
			buildSettings = {
				ASSETCATALOG_COMPILER_APPICON_NAME = AppIcon;
				CODE_SIGN_IDENTITY = "iPhone Distribution";
				CODE_SIGN_STYLE = Manual;
				DEVELOPMENT_ASSET_PATHS = "\"Attention/Preview Content\"";
				DEVELOPMENT_TEAM = SDL5F5UG2V;
				ENABLE_PREVIEWS = YES;
				INFOPLIST_FILE = Attention/Info.plist;
				LD_RUNPATH_SEARCH_PATHS = (
					"$(inherited)",
					"@executable_path/Frameworks",
				);
				PRODUCT_BUNDLE_IDENTIFIER = xyz.ljsoftwaresolutions.Attention;
				PRODUCT_NAME = "$(TARGET_NAME)";
				PROVISIONING_PROFILE_SPECIFIER = attentionApp;
				SWIFT_VERSION = 5.0;
				TARGETED_DEVICE_FAMILY = 1;
			};
			name = Debug;
		};
		0C7B5633235694FD0071EDA6 /* Release */ = {
			isa = XCBuildConfiguration;
			baseConfigurationReference = 5DE2BBD529EC96C3A63C3010 /* Pods-Attention.release.xcconfig */;
			buildSettings = {
				ASSETCATALOG_COMPILER_APPICON_NAME = AppIcon;
				CODE_SIGN_ENTITLEMENTS = Attention/AttentionRelease.entitlements;
				CODE_SIGN_IDENTITY = "iPhone Distribution";
				CODE_SIGN_STYLE = Manual;
				DEVELOPMENT_ASSET_PATHS = "\"Attention/Preview Content\"";
				DEVELOPMENT_TEAM = SDL5F5UG2V;
				ENABLE_PREVIEWS = YES;
				INFOPLIST_FILE = Attention/Info.plist;
				LD_RUNPATH_SEARCH_PATHS = (
					"$(inherited)",
					"@executable_path/Frameworks",
				);
				PRODUCT_BUNDLE_IDENTIFIER = xyz.ljsoftwaresolutions.Attention;
				PRODUCT_NAME = "$(TARGET_NAME)";
				PROVISIONING_PROFILE_SPECIFIER = attentionApp;
				SWIFT_VERSION = 5.0;
				TARGETED_DEVICE_FAMILY = 1;
			};
			name = Release;
		};
		0C7B5635235694FD0071EDA6 /* Debug */ = {
			isa = XCBuildConfiguration;
			baseConfigurationReference = 8851670DF02D2BF7AC55CEF2 /* Pods-AttentionTests.debug.xcconfig */;
			buildSettings = {
				ALWAYS_EMBED_SWIFT_STANDARD_LIBRARIES = YES;
				BUNDLE_LOADER = "$(TEST_HOST)";
				CODE_SIGN_STYLE = Automatic;
				DEVELOPMENT_TEAM = SDL5F5UG2V;
				INFOPLIST_FILE = AttentionTests/Info.plist;
				IPHONEOS_DEPLOYMENT_TARGET = 13.0;
				LD_RUNPATH_SEARCH_PATHS = (
					"$(inherited)",
					"@executable_path/Frameworks",
					"@loader_path/Frameworks",
				);
				PRODUCT_BUNDLE_IDENTIFIER = xyz.ljsoftwaresolutions.AttentionTests;
				PRODUCT_NAME = "$(TARGET_NAME)";
				SWIFT_VERSION = 5.0;
				TARGETED_DEVICE_FAMILY = "1,2";
				TEST_HOST = "$(BUILT_PRODUCTS_DIR)/Attention.app/Attention";
			};
			name = Debug;
		};
		0C7B5636235694FD0071EDA6 /* Release */ = {
			isa = XCBuildConfiguration;
			baseConfigurationReference = 6784FB13F8DC631F05CD85C6 /* Pods-AttentionTests.release.xcconfig */;
			buildSettings = {
				ALWAYS_EMBED_SWIFT_STANDARD_LIBRARIES = YES;
				BUNDLE_LOADER = "$(TEST_HOST)";
				CODE_SIGN_STYLE = Automatic;
				DEVELOPMENT_TEAM = SDL5F5UG2V;
				INFOPLIST_FILE = AttentionTests/Info.plist;
				IPHONEOS_DEPLOYMENT_TARGET = 13.0;
				LD_RUNPATH_SEARCH_PATHS = (
					"$(inherited)",
					"@executable_path/Frameworks",
					"@loader_path/Frameworks",
				);
				PRODUCT_BUNDLE_IDENTIFIER = xyz.ljsoftwaresolutions.AttentionTests;
				PRODUCT_NAME = "$(TARGET_NAME)";
				SWIFT_VERSION = 5.0;
				TARGETED_DEVICE_FAMILY = "1,2";
				TEST_HOST = "$(BUILT_PRODUCTS_DIR)/Attention.app/Attention";
			};
			name = Release;
		};
		0C7B5638235694FD0071EDA6 /* Debug */ = {
			isa = XCBuildConfiguration;
			baseConfigurationReference = 675114C786E954BFB0EF33CB /* Pods-Attention-AttentionUITests.debug.xcconfig */;
			buildSettings = {
				ALWAYS_EMBED_SWIFT_STANDARD_LIBRARIES = YES;
				CODE_SIGN_STYLE = Automatic;
				DEVELOPMENT_TEAM = SDL5F5UG2V;
				INFOPLIST_FILE = AttentionUITests/Info.plist;
				LD_RUNPATH_SEARCH_PATHS = (
					"$(inherited)",
					"@executable_path/Frameworks",
					"@loader_path/Frameworks",
				);
				PRODUCT_BUNDLE_IDENTIFIER = xyz.ljsoftwaresolutions.AttentionUITests;
				PRODUCT_NAME = "$(TARGET_NAME)";
				SWIFT_VERSION = 5.0;
				TARGETED_DEVICE_FAMILY = "1,2";
				TEST_TARGET_NAME = Attention;
			};
			name = Debug;
		};
		0C7B5639235694FD0071EDA6 /* Release */ = {
			isa = XCBuildConfiguration;
			baseConfigurationReference = 416BF3F1182D4271A1532FA5 /* Pods-Attention-AttentionUITests.release.xcconfig */;
			buildSettings = {
				ALWAYS_EMBED_SWIFT_STANDARD_LIBRARIES = YES;
				CODE_SIGN_STYLE = Automatic;
				DEVELOPMENT_TEAM = SDL5F5UG2V;
				INFOPLIST_FILE = AttentionUITests/Info.plist;
				LD_RUNPATH_SEARCH_PATHS = (
					"$(inherited)",
					"@executable_path/Frameworks",
					"@loader_path/Frameworks",
				);
				PRODUCT_BUNDLE_IDENTIFIER = xyz.ljsoftwaresolutions.AttentionUITests;
				PRODUCT_NAME = "$(TARGET_NAME)";
				SWIFT_VERSION = 5.0;
				TARGETED_DEVICE_FAMILY = "1,2";
				TEST_TARGET_NAME = Attention;
			};
			name = Release;
		};
/* End XCBuildConfiguration section */

/* Begin XCConfigurationList section */
		0C7B5602235694FC0071EDA6 /* Build configuration list for PBXProject "Attention" */ = {
			isa = XCConfigurationList;
			buildConfigurations = (
				0C7B562F235694FD0071EDA6 /* Debug */,
				0C7B5630235694FD0071EDA6 /* Release */,
			);
			defaultConfigurationIsVisible = 0;
			defaultConfigurationName = Release;
		};
		0C7B5631235694FD0071EDA6 /* Build configuration list for PBXNativeTarget "Attention" */ = {
			isa = XCConfigurationList;
			buildConfigurations = (
				0C7B5632235694FD0071EDA6 /* Debug */,
				0C7B5633235694FD0071EDA6 /* Release */,
			);
			defaultConfigurationIsVisible = 0;
			defaultConfigurationName = Release;
		};
		0C7B5634235694FD0071EDA6 /* Build configuration list for PBXNativeTarget "AttentionTests" */ = {
			isa = XCConfigurationList;
			buildConfigurations = (
				0C7B5635235694FD0071EDA6 /* Debug */,
				0C7B5636235694FD0071EDA6 /* Release */,
			);
			defaultConfigurationIsVisible = 0;
			defaultConfigurationName = Release;
		};
		0C7B5637235694FD0071EDA6 /* Build configuration list for PBXNativeTarget "AttentionUITests" */ = {
			isa = XCConfigurationList;
			buildConfigurations = (
				0C7B5638235694FD0071EDA6 /* Debug */,
				0C7B5639235694FD0071EDA6 /* Release */,
			);
			defaultConfigurationIsVisible = 0;
			defaultConfigurationName = Release;
		};
/* End XCConfigurationList section */
	};
	rootObject = 0C7B55FF235694FC0071EDA6 /* Project object */;
}
